
Microsoft Visual Studio Solution File, Format Version 12.00
# Visual Studio Version 17
VisualStudioVersion = 17.3.32825.248
MinimumVisualStudioVersion = 10.0.40219.1
Project("{9A19103F-16F7-4668-BE54-9A1E7A4F7556}") = "PocMqttChat", "PocMqttChat\PocMqttChat.csproj", "{87C7E374-F55E-4B20-A8A8-6747485D9E83}"
EndProject
Project("{9A19103F-16F7-4668-BE54-9A1E7A4F7556}") = "PocMqttChatSecond", "PocMqttChatSecond\PocMqttChatSecond.csproj", "{BA3B59D0-CC44-4FA2-8076-EF701A1827B8}"
EndProject
Global
	GlobalSection(SolutionConfigurationPlatforms) = preSolution
		Debug|Any CPU = Debug|Any CPU
		Release|Any CPU = Release|Any CPU
	EndGlobalSection
	GlobalSection(ProjectConfigurationPlatforms) = postSolution
		{87C7E374-F55E-4B20-A8A8-6747485D9E83}.Debug|Any CPU.ActiveCfg = Debug|Any CPU
		{87C7E374-F55E-4B20-A8A8-6747485D9E83}.Debug|Any CPU.Build.0 = Debug|Any CPU
		{87C7E374-F55E-4B20-A8A8-6747485D9E83}.Release|Any CPU.ActiveCfg = Release|Any CPU
		{87C7E374-F55E-4B20-A8A8-6747485D9E83}.Release|Any CPU.Build.0 = Release|Any CPU
		{BA3B59D0-CC44-4FA2-8076-EF701A1827B8}.Debug|Any CPU.ActiveCfg = Debug|Any CPU
		{BA3B59D0-CC44-4FA2-8076-EF701A1827B8}.Debug|Any CPU.Build.0 = Debug|Any CPU
		{BA3B59D0-CC44-4FA2-8076-EF701A1827B8}.Release|Any CPU.ActiveCfg = Release|Any CPU
		{BA3B59D0-CC44-4FA2-8076-EF701A1827B8}.Release|Any CPU.Build.0 = Release|Any CPU
	EndGlobalSection
	GlobalSection(SolutionProperties) = preSolution
		HideSolutionNode = FALSE
	EndGlobalSection
	GlobalSection(ExtensibilityGlobals) = postSolution
		SolutionGuid = {257E3034-4894-4AB4-81F3-AA860B425C57}
	EndGlobalSection
EndGlobal
